
Microsoft Visual Studio Solution File, Format Version 12.00
# Visual Studio Version 16
VisualStudioVersion = 16.0.30804.86
MinimumVisualStudioVersion = 10.0.40219.1
Project("{FAE04EC0-301F-11D3-BF4B-00C04F79EFBC}") = "MyAutomation", "MyAutomation\MyAutomation.csproj", "{142F4CE6-A12D-4360-B453-ECC99C71D12C}"
EndProject
Global
	GlobalSection(SolutionConfigurationPlatforms) = preSolution
		Debug|Any CPU = Debug|Any CPU
		Release|Any CPU = Release|Any CPU
	EndGlobalSection
	GlobalSection(ProjectConfigurationPlatforms) = postSolution
		{142F4CE6-A12D-4360-B453-ECC99C71D12C}.Debug|Any CPU.ActiveCfg = Debug|Any CPU
		{142F4CE6-A12D-4360-B453-ECC99C71D12C}.Debug|Any CPU.Build.0 = Debug|Any CPU
		{142F4CE6-A12D-4360-B453-ECC99C71D12C}.Release|Any CPU.ActiveCfg = Release|Any CPU
		{142F4CE6-A12D-4360-B453-ECC99C71D12C}.Release|Any CPU.Build.0 = Release|Any CPU
	EndGlobalSection
	GlobalSection(SolutionProperties) = preSolution
		HideSolutionNode = FALSE
	EndGlobalSection
	GlobalSection(ExtensibilityGlobals) = postSolution
		SolutionGuid = {4395E891-E47C-4C71-87A3-544176B31BE3}
	EndGlobalSection
EndGlobal
